
Microsoft Visual Studio Solution File, Format Version 12.00
# Visual Studio Version 16
VisualStudioVersion = 16.0.32002.261
MinimumVisualStudioVersion = 10.0.40219.1
Project("{D2ABAB84-BF74-430A-B69E-9DC6D40DDA17}") = "SQL06_Tfs_Analysis", "SQL06_Tfs_Analysis\SQL06_Tfs_Analysis.dwproj", "{7C277872-CCC8-456F-8CE9-8CE6199D0F2B}"
EndProject
Global
	GlobalSection(SolutionConfigurationPlatforms) = preSolution
		Development|Default = Development|Default
	EndGlobalSection
	GlobalSection(ProjectConfigurationPlatforms) = postSolution
		{7C277872-CCC8-456F-8CE9-8CE6199D0F2B}.Development|Default.ActiveCfg = Development
		{7C277872-CCC8-456F-8CE9-8CE6199D0F2B}.Development|Default.Build.0 = Development
		{7C277872-CCC8-456F-8CE9-8CE6199D0F2B}.Development|Default.Deploy.0 = Development
	EndGlobalSection
	GlobalSection(SolutionProperties) = preSolution
		HideSolutionNode = FALSE
	EndGlobalSection
	GlobalSection(ExtensibilityGlobals) = postSolution
		SolutionGuid = {4668BFB7-40FC-4609-9BA6-4E224E92A56F}
	EndGlobalSection
EndGlobal
