
Microsoft Visual Studio Solution File, Format Version 12.00
# Visual Studio Version 16
VisualStudioVersion = 16.0.32002.261
MinimumVisualStudioVersion = 10.0.40219.1
Project("{D2ABAB84-BF74-430A-B69E-9DC6D40DDA17}") = "SQL05_MDX", "SQL05_MDX\SQL05_MDX.dwproj", "{3802DB3A-14C1-428C-93CA-B5822B26C904}"
EndProject
Global
	GlobalSection(SolutionConfigurationPlatforms) = preSolution
		Development|Default = Development|Default
	EndGlobalSection
	GlobalSection(ProjectConfigurationPlatforms) = postSolution
		{3802DB3A-14C1-428C-93CA-B5822B26C904}.Development|Default.ActiveCfg = Development
		{3802DB3A-14C1-428C-93CA-B5822B26C904}.Development|Default.Build.0 = Development
		{3802DB3A-14C1-428C-93CA-B5822B26C904}.Development|Default.Deploy.0 = Development
	EndGlobalSection
	GlobalSection(SolutionProperties) = preSolution
		HideSolutionNode = FALSE
	EndGlobalSection
	GlobalSection(ExtensibilityGlobals) = postSolution
		SolutionGuid = {679288C1-5E36-4365-B4C5-064CF69739A6}
	EndGlobalSection
EndGlobal
