
Microsoft Visual Studio Solution File, Format Version 12.00
# Visual Studio Version 16
VisualStudioVersion = 16.0.32002.261
MinimumVisualStudioVersion = 10.0.40219.1
Project("{D2ABAB84-BF74-430A-B69E-9DC6D40DDA17}") = "SQL06_HC_BI_ENT_AS_BARTH", "SQL06_HC_BI_ENT_AS_BARTH\SQL06_HC_BI_ENT_AS_BARTH.dwproj", "{65F70DCF-2254-4C36-A547-E7A8E374404E}"
EndProject
Global
	GlobalSection(SolutionConfigurationPlatforms) = preSolution
		Development|Default = Development|Default
	EndGlobalSection
	GlobalSection(ProjectConfigurationPlatforms) = postSolution
		{65F70DCF-2254-4C36-A547-E7A8E374404E}.Development|Default.ActiveCfg = Development
		{65F70DCF-2254-4C36-A547-E7A8E374404E}.Development|Default.Build.0 = Development
		{65F70DCF-2254-4C36-A547-E7A8E374404E}.Development|Default.Deploy.0 = Development
	EndGlobalSection
	GlobalSection(SolutionProperties) = preSolution
		HideSolutionNode = FALSE
	EndGlobalSection
	GlobalSection(ExtensibilityGlobals) = postSolution
		SolutionGuid = {BD8A60D7-AEFC-4483-9C3A-12DF7E8F8D44}
	EndGlobalSection
EndGlobal
